# THIS IS AN AUTOGENERATED FILE. DO NOT EDIT THIS FILE DIRECTLY.
# yarn lockfile v1


coffeescript@^2.6.1:
  version "2.6.1"
  resolved "https://registry.yarnpkg.com/coffeescript/-/coffeescript-2.6.1.tgz#f9e5d4930e1b8a1c5cfba7f95eebd18694ce58fd"
  integrity sha512-GG5nkF93qII8HmHqnnibkgpp/SV7PSnSPiWsbinwya7nNOe95aE/x2xrKZJFks8Qpko3TNrC+/LahaKgrz5YCg==
